
Microsoft Visual Studio Solution File, Format Version 12.00
# Visual Studio Version 16
VisualStudioVersion = 16.0.30413.136
MinimumVisualStudioVersion = 10.0.40219.1
Project("{8BC9CEB8-8B4A-11D0-8D11-00A0C91BC942}") = "Red_Black_tree", "Red_Black_tree\Red_Black_tree.vcxproj", "{ED323C77-0CA8-47ED-AA52-97BE5405083D}"
EndProject
Global
	GlobalSection(SolutionConfigurationPlatforms) = preSolution
		Debug|x64 = Debug|x64
		Debug|x86 = Debug|x86
		Release|x64 = Release|x64
		Release|x86 = Release|x86
	EndGlobalSection
	GlobalSection(ProjectConfigurationPlatforms) = postSolution
		{ED323C77-0CA8-47ED-AA52-97BE5405083D}.Debug|x64.ActiveCfg = Debug|x64
		{ED323C77-0CA8-47ED-AA52-97BE5405083D}.Debug|x64.Build.0 = Debug|x64
		{ED323C77-0CA8-47ED-AA52-97BE5405083D}.Debug|x86.ActiveCfg = Debug|Win32
		{ED323C77-0CA8-47ED-AA52-97BE5405083D}.Debug|x86.Build.0 = Debug|Win32
		{ED323C77-0CA8-47ED-AA52-97BE5405083D}.Release|x64.ActiveCfg = Release|x64
		{ED323C77-0CA8-47ED-AA52-97BE5405083D}.Release|x64.Build.0 = Release|x64
		{ED323C77-0CA8-47ED-AA52-97BE5405083D}.Release|x86.ActiveCfg = Release|Win32
		{ED323C77-0CA8-47ED-AA52-97BE5405083D}.Release|x86.Build.0 = Release|Win32
	EndGlobalSection
	GlobalSection(SolutionProperties) = preSolution
		HideSolutionNode = FALSE
	EndGlobalSection
	GlobalSection(ExtensibilityGlobals) = postSolution
		SolutionGuid = {87E84994-3FE2-4AB3-A46B-902A50FEE4FD}
	EndGlobalSection
EndGlobal
